
Microsoft Visual Studio Solution File, Format Version 12.00
# Visual Studio Version 16
VisualStudioVersion = 16.0.32002.261
MinimumVisualStudioVersion = 10.0.40219.1
Project("{9A19103F-16F7-4668-BE54-9A1E7A4F7556}") = "Metis.API", "Metis.API\Metis.API.csproj", "{C1035E11-A82E-4BF8-A160-184AAA4ED11C}"
EndProject
Project("{9A19103F-16F7-4668-BE54-9A1E7A4F7556}") = "Metis.Models", "Metis.Models\Metis.Models.csproj", "{16E64C77-42B7-40D4-8E0E-70D60037907A}"
EndProject
Project("{9A19103F-16F7-4668-BE54-9A1E7A4F7556}") = "Training.MSTest", "Metis.MSTest\Training.MSTest.csproj", "{48ECC8B1-E8A0-4A7D-ABF8-D1F8B5BEEE6E}"
EndProject
Global
	GlobalSection(SolutionConfigurationPlatforms) = preSolution
		Debug|Any CPU = Debug|Any CPU
		Release|Any CPU = Release|Any CPU
	EndGlobalSection
	GlobalSection(ProjectConfigurationPlatforms) = postSolution
		{C1035E11-A82E-4BF8-A160-184AAA4ED11C}.Debug|Any CPU.ActiveCfg = Debug|Any CPU
		{C1035E11-A82E-4BF8-A160-184AAA4ED11C}.Debug|Any CPU.Build.0 = Debug|Any CPU
		{C1035E11-A82E-4BF8-A160-184AAA4ED11C}.Release|Any CPU.ActiveCfg = Release|Any CPU
		{C1035E11-A82E-4BF8-A160-184AAA4ED11C}.Release|Any CPU.Build.0 = Release|Any CPU
		{16E64C77-42B7-40D4-8E0E-70D60037907A}.Debug|Any CPU.ActiveCfg = Debug|Any CPU
		{16E64C77-42B7-40D4-8E0E-70D60037907A}.Debug|Any CPU.Build.0 = Debug|Any CPU
		{16E64C77-42B7-40D4-8E0E-70D60037907A}.Release|Any CPU.ActiveCfg = Release|Any CPU
		{16E64C77-42B7-40D4-8E0E-70D60037907A}.Release|Any CPU.Build.0 = Release|Any CPU
		{48ECC8B1-E8A0-4A7D-ABF8-D1F8B5BEEE6E}.Debug|Any CPU.ActiveCfg = Debug|Any CPU
		{48ECC8B1-E8A0-4A7D-ABF8-D1F8B5BEEE6E}.Debug|Any CPU.Build.0 = Debug|Any CPU
		{48ECC8B1-E8A0-4A7D-ABF8-D1F8B5BEEE6E}.Release|Any CPU.ActiveCfg = Release|Any CPU
		{48ECC8B1-E8A0-4A7D-ABF8-D1F8B5BEEE6E}.Release|Any CPU.Build.0 = Release|Any CPU
	EndGlobalSection
	GlobalSection(SolutionProperties) = preSolution
		HideSolutionNode = FALSE
	EndGlobalSection
	GlobalSection(ExtensibilityGlobals) = postSolution
		SolutionGuid = {85141A29-0884-4F62-ADE0-56A9FE0CC00D}
	EndGlobalSection
EndGlobal
